// !$*UTF8*$!
{
	archiveVersion = 1;
	classes = {
	};
	objectVersion = 48;
	objects = {

/* Begin PBXBuildFile section */
		BD5796DE204738DA00E2C0AE /* CaptureViewController.swift in Sources */ = {isa = PBXBuildFile; fileRef = BD5796DB204738DA00E2C0AE /* CaptureViewController.swift */; };
		BD5796DF204738DA00E2C0AE /* StylizedViewController.swift in Sources */ = {isa = PBXBuildFile; fileRef = BD5796DC204738DA00E2C0AE /* StylizedViewController.swift */; };
		BD5796E0204738DA00E2C0AE /* SelectViewController.swift in Sources */ = {isa = PBXBuildFile; fileRef = BD5796DD204738DA00E2C0AE /* SelectViewController.swift */; };
		BD5796E5204738EA00E2C0AE /* PEAServer.swift in Sources */ = {isa = PBXBuildFile; fileRef = BD5796E1204738EA00E2C0AE /* PEAServer.swift */; };
		BD5796E6204738EA00E2C0AE /* LocalDetector.swift in Sources */ = {isa = PBXBuildFile; fileRef = BD5796E2204738EA00E2C0AE /* LocalDetector.swift */; };
		BD5796E7204738EA00E2C0AE /* VideoLayer.swift in Sources */ = {isa = PBXBuildFile; fileRef = BD5796E3204738EA00E2C0AE /* VideoLayer.swift */; };
		BD5796E8204738EA00E2C0AE /* EMAError.swift in Sources */ = {isa = PBXBuildFile; fileRef = BD5796E4204738EA00E2C0AE /* EMAError.swift */; };
		BD94E12E203950420058C11D /* AppDelegate.swift in Sources */ = {isa = PBXBuildFile; fileRef = BD94E12D203950420058C11D /* AppDelegate.swift */; };
		BD94E133203950420058C11D /* Main.storyboard in Resources */ = {isa = PBXBuildFile; fileRef = BD94E131203950420058C11D /* Main.storyboard */; };
		BD94E135203950420058C11D /* Assets.xcassets in Resources */ = {isa = PBXBuildFile; fileRef = BD94E134203950420058C11D /* Assets.xcassets */; };
		BD94E138203950420058C11D /* LaunchScreen.storyboard in Resources */ = {isa = PBXBuildFile; fileRef = BD94E136203950420058C11D /* LaunchScreen.storyboard */; };
		BD94E143203950420058C11D /* EmoArtTests.swift in Sources */ = {isa = PBXBuildFile; fileRef = BD94E142203950420058C11D /* EmoArtTests.swift */; };
		BD94E14E203950420058C11D /* EmoArtUITests.swift in Sources */ = {isa = PBXBuildFile; fileRef = BD94E14D203950420058C11D /* EmoArtUITests.swift */; };
/* End PBXBuildFile section */

/* Begin PBXContainerItemProxy section */
		BD94E13F203950420058C11D /* PBXContainerItemProxy */ = {
			isa = PBXContainerItemProxy;
			containerPortal = BD94E122203950420058C11D /* Project object */;
			proxyType = 1;
			remoteGlobalIDString = BD94E129203950420058C11D;
			remoteInfo = EmoArt;
		};
		BD94E14A203950420058C11D /* PBXContainerItemProxy */ = {
			isa = PBXContainerItemProxy;
			containerPortal = BD94E122203950420058C11D /* Project object */;
			proxyType = 1;
			remoteGlobalIDString = BD94E129203950420058C11D;
			remoteInfo = EmoArt;
		};
/* End PBXContainerItemProxy section */

/* Begin PBXFileReference section */
		BD5796DB204738DA00E2C0AE /* CaptureViewController.swift */ = {isa = PBXFileReference; fileEncoding = 4; lastKnownFileType = sourcecode.swift; path = CaptureViewController.swift; sourceTree = "<group>"; };
		BD5796DC204738DA00E2C0AE /* StylizedViewController.swift */ = {isa = PBXFileReference; fileEncoding = 4; lastKnownFileType = sourcecode.swift; path = StylizedViewController.swift; sourceTree = "<group>"; };
		BD5796DD204738DA00E2C0AE /* SelectViewController.swift */ = {isa = PBXFileReference; fileEncoding = 4; lastKnownFileType = sourcecode.swift; path = SelectViewController.swift; sourceTree = "<group>"; };
		BD5796E1204738EA00E2C0AE /* PEAServer.swift */ = {isa = PBXFileReference; fileEncoding = 4; lastKnownFileType = sourcecode.swift; path = PEAServer.swift; sourceTree = "<group>"; };
		BD5796E2204738EA00E2C0AE /* LocalDetector.swift */ = {isa = PBXFileReference; fileEncoding = 4; lastKnownFileType = sourcecode.swift; path = LocalDetector.swift; sourceTree = "<group>"; };
		BD5796E3204738EA00E2C0AE /* VideoLayer.swift */ = {isa = PBXFileReference; fileEncoding = 4; lastKnownFileType = sourcecode.swift; path = VideoLayer.swift; sourceTree = "<group>"; };
		BD5796E4204738EA00E2C0AE /* EMAError.swift */ = {isa = PBXFileReference; fileEncoding = 4; lastKnownFileType = sourcecode.swift; path = EMAError.swift; sourceTree = "<group>"; };
		BD94E12A203950420058C11D /* EmoArt.app */ = {isa = PBXFileReference; explicitFileType = wrapper.application; includeInIndex = 0; path = EmoArt.app; sourceTree = BUILT_PRODUCTS_DIR; };
		BD94E12D203950420058C11D /* AppDelegate.swift */ = {isa = PBXFileReference; lastKnownFileType = sourcecode.swift; path = AppDelegate.swift; sourceTree = "<group>"; };
		BD94E132203950420058C11D /* Base */ = {isa = PBXFileReference; lastKnownFileType = file.storyboard; name = Base; path = Base.lproj/Main.storyboard; sourceTree = "<group>"; };
		BD94E134203950420058C11D /* Assets.xcassets */ = {isa = PBXFileReference; lastKnownFileType = folder.assetcatalog; path = Assets.xcassets; sourceTree = "<group>"; };
		BD94E137203950420058C11D /* Base */ = {isa = PBXFileReference; lastKnownFileType = file.storyboard; name = Base; path = Base.lproj/LaunchScreen.storyboard; sourceTree = "<group>"; };
		BD94E139203950420058C11D /* Info.plist */ = {isa = PBXFileReference; lastKnownFileType = text.plist.xml; path = Info.plist; sourceTree = "<group>"; };
		BD94E13E203950420058C11D /* EmoArtTests.xctest */ = {isa = PBXFileReference; explicitFileType = wrapper.cfbundle; includeInIndex = 0; path = EmoArtTests.xctest; sourceTree = BUILT_PRODUCTS_DIR; };
		BD94E142203950420058C11D /* EmoArtTests.swift */ = {isa = PBXFileReference; lastKnownFileType = sourcecode.swift; path = EmoArtTests.swift; sourceTree = "<group>"; };
		BD94E144203950420058C11D /* Info.plist */ = {isa = PBXFileReference; lastKnownFileType = text.plist.xml; path = Info.plist; sourceTree = "<group>"; };
		BD94E149203950420058C11D /* EmoArtUITests.xctest */ = {isa = PBXFileReference; explicitFileType = wrapper.cfbundle; includeInIndex = 0; path = EmoArtUITests.xctest; sourceTree = BUILT_PRODUCTS_DIR; };
		BD94E14D203950420058C11D /* EmoArtUITests.swift */ = {isa = PBXFileReference; lastKnownFileType = sourcecode.swift; path = EmoArtUITests.swift; sourceTree = "<group>"; };
		BD94E14F203950420058C11D /* Info.plist */ = {isa = PBXFileReference; lastKnownFileType = text.plist.xml; path = Info.plist; sourceTree = "<group>"; };
/* End PBXFileReference section */

/* Begin PBXFrameworksBuildPhase section */
		BD94E127203950420058C11D /* Frameworks */ = {
			isa = PBXFrameworksBuildPhase;
			buildActionMask = 2147483647;
			files = (
			);
			runOnlyForDeploymentPostprocessing = 0;
		};
		BD94E13B203950420058C11D /* Frameworks */ = {
			isa = PBXFrameworksBuildPhase;
			buildActionMask = 2147483647;
			files = (
			);
			runOnlyForDeploymentPostprocessing = 0;
		};
		BD94E146203950420058C11D /* Frameworks */ = {
			isa = PBXFrameworksBuildPhase;
			buildActionMask = 2147483647;
			files = (
			);
			runOnlyForDeploymentPostprocessing = 0;
		};
/* End PBXFrameworksBuildPhase section */

/* Begin PBXGroup section */
		BD5796D92047388600E2C0AE /* ViewControllers */ = {
			isa = PBXGroup;
			children = (
				BD5796DB204738DA00E2C0AE /* CaptureViewController.swift */,
				BD5796DD204738DA00E2C0AE /* SelectViewController.swift */,
				BD5796DC204738DA00E2C0AE /* StylizedViewController.swift */,
			);
			path = ViewControllers;
			sourceTree = "<group>";
		};
		BD5796DA2047389700E2C0AE /* Utils */ = {
			isa = PBXGroup;
			children = (
				BD5796E4204738EA00E2C0AE /* EMAError.swift */,
				BD5796E2204738EA00E2C0AE /* LocalDetector.swift */,
				BD5796E1204738EA00E2C0AE /* PEAServer.swift */,
				BD5796E3204738EA00E2C0AE /* VideoLayer.swift */,
			);
			path = Utils;
			sourceTree = "<group>";
		};
		BD94E121203950420058C11D = {
			isa = PBXGroup;
			children = (
				BD94E12C203950420058C11D /* EmoArt */,
				BD94E141203950420058C11D /* EmoArtTests */,
				BD94E14C203950420058C11D /* EmoArtUITests */,
				BD94E12B203950420058C11D /* Products */,
			);
			sourceTree = "<group>";
		};
		BD94E12B203950420058C11D /* Products */ = {
			isa = PBXGroup;
			children = (
				BD94E12A203950420058C11D /* EmoArt.app */,
				BD94E13E203950420058C11D /* EmoArtTests.xctest */,
				BD94E149203950420058C11D /* EmoArtUITests.xctest */,
			);
			name = Products;
			sourceTree = "<group>";
		};
		BD94E12C203950420058C11D /* EmoArt */ = {
			isa = PBXGroup;
			children = (
				BD94E12D203950420058C11D /* AppDelegate.swift */,
				BD5796D92047388600E2C0AE /* ViewControllers */,
				BD5796DA2047389700E2C0AE /* Utils */,
				BD94E131203950420058C11D /* Main.storyboard */,
				BD94E134203950420058C11D /* Assets.xcassets */,
				BD94E136203950420058C11D /* LaunchScreen.storyboard */,
				BD94E139203950420058C11D /* Info.plist */,
			);
			path = EmoArt;
			sourceTree = "<group>";
		};
		BD94E141203950420058C11D /* EmoArtTests */ = {
			isa = PBXGroup;
			children = (
				BD94E142203950420058C11D /* EmoArtTests.swift */,
				BD94E144203950420058C11D /* Info.plist */,
			);
			path = EmoArtTests;
			sourceTree = "<group>";
		};
		BD94E14C203950420058C11D /* EmoArtUITests */ = {
			isa = PBXGroup;
			children = (
				BD94E14D203950420058C11D /* EmoArtUITests.swift */,
				BD94E14F203950420058C11D /* Info.plist */,
			);
			path = EmoArtUITests;
			sourceTree = "<group>";
		};
/* End PBXGroup section */

/* Begin PBXNativeTarget section */
		BD94E129203950420058C11D /* EmoArt */ = {
			isa = PBXNativeTarget;
			buildConfigurationList = BD94E152203950420058C11D /* Build configuration list for PBXNativeTarget "EmoArt" */;
			buildPhases = (
				BD94E126203950420058C11D /* Sources */,
				BD94E127203950420058C11D /* Frameworks */,
				BD94E128203950420058C11D /* Resources */,
			);
			buildRules = (
			);
			dependencies = (
			);
			name = EmoArt;
			productName = EmoArt;
			productReference = BD94E12A203950420058C11D /* EmoArt.app */;
			productType = "com.apple.product-type.application";
		};
		BD94E13D203950420058C11D /* EmoArtTests */ = {
			isa = PBXNativeTarget;
			buildConfigurationList = BD94E155203950420058C11D /* Build configuration list for PBXNativeTarget "EmoArtTests" */;
			buildPhases = (
				BD94E13A203950420058C11D /* Sources */,
				BD94E13B203950420058C11D /* Frameworks */,
				BD94E13C203950420058C11D /* Resources */,
			);
			buildRules = (
			);
			dependencies = (
				BD94E140203950420058C11D /* PBXTargetDependency */,
			);
			name = EmoArtTests;
			productName = EmoArtTests;
			productReference = BD94E13E203950420058C11D /* EmoArtTests.xctest */;
			productType = "com.apple.product-type.bundle.unit-test";
		};
		BD94E148203950420058C11D /* EmoArtUITests */ = {
			isa = PBXNativeTarget;
			buildConfigurationList = BD94E158203950420058C11D /* Build configuration list for PBXNativeTarget "EmoArtUITests" */;
			buildPhases = (
				BD94E145203950420058C11D /* Sources */,
				BD94E146203950420058C11D /* Frameworks */,
				BD94E147203950420058C11D /* Resources */,
			);
			buildRules = (
			);
			dependencies = (
				BD94E14B203950420058C11D /* PBXTargetDependency */,
			);
			name = EmoArtUITests;
			productName = EmoArtUITests;
			productReference = BD94E149203950420058C11D /* EmoArtUITests.xctest */;
			productType = "com.apple.product-type.bundle.ui-testing";
		};
/* End PBXNativeTarget section */

/* Begin PBXProject section */
		BD94E122203950420058C11D /* Project object */ = {
			isa = PBXProject;
			attributes = {
				LastSwiftUpdateCheck = 0920;
				LastUpgradeCheck = 0920;
				ORGANIZATIONNAME = "Pujun Lun";
				TargetAttributes = {
					BD94E129203950420058C11D = {
						CreatedOnToolsVersion = 9.2;
						ProvisioningStyle = Automatic;
					};
					BD94E13D203950420058C11D = {
						CreatedOnToolsVersion = 9.2;
						ProvisioningStyle = Automatic;
						TestTargetID = BD94E129203950420058C11D;
					};
					BD94E148203950420058C11D = {
						CreatedOnToolsVersion = 9.2;
						ProvisioningStyle = Automatic;
						TestTargetID = BD94E129203950420058C11D;
					};
				};
			};
			buildConfigurationList = BD94E125203950420058C11D /* Build configuration list for PBXProject "EmoArt" */;
			compatibilityVersion = "Xcode 8.0";
			developmentRegion = en;
			hasScannedForEncodings = 0;
			knownRegions = (
				en,
				Base,
			);
			mainGroup = BD94E121203950420058C11D;
			productRefGroup = BD94E12B203950420058C11D /* Products */;
			projectDirPath = "";
			projectRoot = "";
			targets = (
				BD94E129203950420058C11D /* EmoArt */,
				BD94E13D203950420058C11D /* EmoArtTests */,
				BD94E148203950420058C11D /* EmoArtUITests */,
			);
		};
/* End PBXProject section */

/* Begin PBXResourcesBuildPhase section */
		BD94E128203950420058C11D /* Resources */ = {
			isa = PBXResourcesBuildPhase;
			buildActionMask = 2147483647;
			files = (
				BD94E138203950420058C11D /* LaunchScreen.storyboard in Resources */,
				BD94E135203950420058C11D /* Assets.xcassets in Resources */,
				BD94E133203950420058C11D /* Main.storyboard in Resources */,
			);
			runOnlyForDeploymentPostprocessing = 0;
		};
		BD94E13C203950420058C11D /* Resources */ = {
			isa = PBXResourcesBuildPhase;
			buildActionMask = 2147483647;
			files = (
			);
			runOnlyForDeploymentPostprocessing = 0;
		};
		BD94E147203950420058C11D /* Resources */ = {
			isa = PBXResourcesBuildPhase;
			buildActionMask = 2147483647;
			files = (
			);
			runOnlyForDeploymentPostprocessing = 0;
		};
/* End PBXResourcesBuildPhase section */

/* Begin PBXSourcesBuildPhase section */
		BD94E126203950420058C11D /* Sources */ = {
			isa = PBXSourcesBuildPhase;
			buildActionMask = 2147483647;
			files = (
				BD5796E5204738EA00E2C0AE /* PEAServer.swift in Sources */,
				BD5796E0204738DA00E2C0AE /* SelectViewController.swift in Sources */,
				BD94E12E203950420058C11D /* AppDelegate.swift in Sources */,
				BD5796DF204738DA00E2C0AE /* StylizedViewController.swift in Sources */,
				BD5796DE204738DA00E2C0AE /* CaptureViewController.swift in Sources */,
				BD5796E7204738EA00E2C0AE /* VideoLayer.swift in Sources */,
				BD5796E8204738EA00E2C0AE /* EMAError.swift in Sources */,
				BD5796E6204738EA00E2C0AE /* LocalDetector.swift in Sources */,
			);
			runOnlyForDeploymentPostprocessing = 0;
		};
		BD94E13A203950420058C11D /* Sources */ = {
			isa = PBXSourcesBuildPhase;
			buildActionMask = 2147483647;
			files = (
				BD94E143203950420058C11D /* EmoArtTests.swift in Sources */,
			);
			runOnlyForDeploymentPostprocessing = 0;
		};
		BD94E145203950420058C11D /* Sources */ = {
			isa = PBXSourcesBuildPhase;
			buildActionMask = 2147483647;
			files = (
				BD94E14E203950420058C11D /* EmoArtUITests.swift in Sources */,
			);
			runOnlyForDeploymentPostprocessing = 0;
		};
/* End PBXSourcesBuildPhase section */

/* Begin PBXTargetDependency section */
		BD94E140203950420058C11D /* PBXTargetDependency */ = {
			isa = PBXTargetDependency;
			target = BD94E129203950420058C11D /* EmoArt */;
			targetProxy = BD94E13F203950420058C11D /* PBXContainerItemProxy */;
		};
		BD94E14B203950420058C11D /* PBXTargetDependency */ = {
			isa = PBXTargetDependency;
			target = BD94E129203950420058C11D /* EmoArt */;
			targetProxy = BD94E14A203950420058C11D /* PBXContainerItemProxy */;
		};
/* End PBXTargetDependency section */

/* Begin PBXVariantGroup section */
		BD94E131203950420058C11D /* Main.storyboard */ = {
			isa = PBXVariantGroup;
			children = (
				BD94E132203950420058C11D /* Base */,
			);
			name = Main.storyboard;
			sourceTree = "<group>";
		};
		BD94E136203950420058C11D /* LaunchScreen.storyboard */ = {
			isa = PBXVariantGroup;
			children = (
				BD94E137203950420058C11D /* Base */,
			);
			name = LaunchScreen.storyboard;
			sourceTree = "<group>";
		};
/* End PBXVariantGroup section */

/* Begin XCBuildConfiguration section */
		BD94E150203950420058C11D /* Debug */ = {
			isa = XCBuildConfiguration;
			buildSettings = {
				ALWAYS_SEARCH_USER_PATHS = NO;
				CLANG_ANALYZER_NONNULL = YES;
				CLANG_ANALYZER_NUMBER_OBJECT_CONVERSION = YES_AGGRESSIVE;
				CLANG_CXX_LANGUAGE_STANDARD = "gnu++14";
				CLANG_CXX_LIBRARY = "libc++";
				CLANG_ENABLE_MODULES = YES;
				CLANG_ENABLE_OBJC_ARC = YES;
				CLANG_WARN_BLOCK_CAPTURE_AUTORELEASING = YES;
				CLANG_WARN_BOOL_CONVERSION = YES;
				CLANG_WARN_COMMA = YES;
				CLANG_WARN_CONSTANT_CONVERSION = YES;
				CLANG_WARN_DIRECT_OBJC_ISA_USAGE = YES_ERROR;
				CLANG_WARN_DOCUMENTATION_COMMENTS = YES;
				CLANG_WARN_EMPTY_BODY = YES;
				CLANG_WARN_ENUM_CONVERSION = YES;
				CLANG_WARN_INFINITE_RECURSION = YES;
				CLANG_WARN_INT_CONVERSION = YES;
				CLANG_WARN_NON_LITERAL_NULL_CONVERSION = YES;
				CLANG_WARN_OBJC_LITERAL_CONVERSION = YES;
				CLANG_WARN_OBJC_ROOT_CLASS = YES_ERROR;
				CLANG_WARN_RANGE_LOOP_ANALYSIS = YES;
				CLANG_WARN_STRICT_PROTOTYPES = YES;
				CLANG_WARN_SUSPICIOUS_MOVE = YES;
				CLANG_WARN_UNGUARDED_AVAILABILITY = YES_AGGRESSIVE;
				CLANG_WARN_UNREACHABLE_CODE = YES;
				CLANG_WARN__DUPLICATE_METHOD_MATCH = YES;
				CODE_SIGN_IDENTITY = "iPhone Developer";
				COPY_PHASE_STRIP = NO;
				DEBUG_INFORMATION_FORMAT = dwarf;
				ENABLE_STRICT_OBJC_MSGSEND = YES;
				ENABLE_TESTABILITY = YES;
				GCC_C_LANGUAGE_STANDARD = gnu11;
				GCC_DYNAMIC_NO_PIC = NO;
				GCC_NO_COMMON_BLOCKS = YES;
				GCC_OPTIMIZATION_LEVEL = 0;
				GCC_PREPROCESSOR_DEFINITIONS = (
					"DEBUG=1",
					"$(inherited)",
				);
				GCC_WARN_64_TO_32_BIT_CONVERSION = YES;
				GCC_WARN_ABOUT_RETURN_TYPE = YES_ERROR;
				GCC_WARN_UNDECLARED_SELECTOR = YES;
				GCC_WARN_UNINITIALIZED_AUTOS = YES_AGGRESSIVE;
				GCC_WARN_UNUSED_FUNCTION = YES;
				GCC_WARN_UNUSED_VARIABLE = YES;
				IPHONEOS_DEPLOYMENT_TARGET = 11.2;
				MTL_ENABLE_DEBUG_INFO = YES;
				ONLY_ACTIVE_ARCH = YES;
				SDKROOT = iphoneos;
				SWIFT_ACTIVE_COMPILATION_CONDITIONS = DEBUG;
				SWIFT_OPTIMIZATION_LEVEL = "-Onone";
			};
			name = Debug;
		};
		BD94E151203950420058C11D /* Release */ = {
			isa = XCBuildConfiguration;
			buildSettings = {
				ALWAYS_SEARCH_USER_PATHS = NO;
				CLANG_ANALYZER_NONNULL = YES;
				CLANG_ANALYZER_NUMBER_OBJECT_CONVERSION = YES_AGGRESSIVE;
				CLANG_CXX_LANGUAGE_STANDARD = "gnu++14";
				CLANG_CXX_LIBRARY = "libc++";
				CLANG_ENABLE_MODULES = YES;
				CLANG_ENABLE_OBJC_ARC = YES;
				CLANG_WARN_BLOCK_CAPTURE_AUTORELEASING = YES;
				CLANG_WARN_BOOL_CONVERSION = YES;
				CLANG_WARN_COMMA = YES;
				CLANG_WARN_CONSTANT_CONVERSION = YES;
				CLANG_WARN_DIRECT_OBJC_ISA_USAGE = YES_ERROR;
				CLANG_WARN_DOCUMENTATION_COMMENTS = YES;
				CLANG_WARN_EMPTY_BODY = YES;
				CLANG_WARN_ENUM_CONVERSION = YES;
				CLANG_WARN_INFINITE_RECURSION = YES;
				CLANG_WARN_INT_CONVERSION = YES;
				CLANG_WARN_NON_LITERAL_NULL_CONVERSION = YES;
				CLANG_WARN_OBJC_LITERAL_CONVERSION = YES;
				CLANG_WARN_OBJC_ROOT_CLASS = YES_ERROR;
				CLANG_WARN_RANGE_LOOP_ANALYSIS = YES;
				CLANG_WARN_STRICT_PROTOTYPES = YES;
				CLANG_WARN_SUSPICIOUS_MOVE = YES;
				CLANG_WARN_UNGUARDED_AVAILABILITY = YES_AGGRESSIVE;
				CLANG_WARN_UNREACHABLE_CODE = YES;
				CLANG_WARN__DUPLICATE_METHOD_MATCH = YES;
				CODE_SIGN_IDENTITY = "iPhone Developer";
				COPY_PHASE_STRIP = NO;
				DEBUG_INFORMATION_FORMAT = "dwarf-with-dsym";
				ENABLE_NS_ASSERTIONS = NO;
				ENABLE_STRICT_OBJC_MSGSEND = YES;
				GCC_C_LANGUAGE_STANDARD = gnu11;
				GCC_NO_COMMON_BLOCKS = YES;
				GCC_WARN_64_TO_32_BIT_CONVERSION = YES;
				GCC_WARN_ABOUT_RETURN_TYPE = YES_ERROR;
				GCC_WARN_UNDECLARED_SELECTOR = YES;
				GCC_WARN_UNINITIALIZED_AUTOS = YES_AGGRESSIVE;
				GCC_WARN_UNUSED_FUNCTION = YES;
				GCC_WARN_UNUSED_VARIABLE = YES;
				IPHONEOS_DEPLOYMENT_TARGET = 11.2;
				MTL_ENABLE_DEBUG_INFO = NO;
				SDKROOT = iphoneos;
				SWIFT_OPTIMIZATION_LEVEL = "-Owholemodule";
				VALIDATE_PRODUCT = YES;
			};
			name = Release;
		};
		BD94E153203950420058C11D /* Debug */ = {
			isa = XCBuildConfiguration;
			buildSettings = {
				ASSETCATALOG_COMPILER_APPICON_NAME = AppIcon;
				CODE_SIGN_STYLE = Automatic;
				DEVELOPMENT_TEAM = DXJ7AC4744;
				INFOPLIST_FILE = EmoArt/Info.plist;
				LD_RUNPATH_SEARCH_PATHS = "$(inherited) @executable_path/Frameworks";
				PRODUCT_BUNDLE_IDENTIFIER = lun.EmoArt;
				PRODUCT_NAME = "$(TARGET_NAME)";
				SWIFT_VERSION = 4.0;
				TARGETED_DEVICE_FAMILY = "1,2";
			};
			name = Debug;
		};
		BD94E154203950420058C11D /* Release */ = {
			isa = XCBuildConfiguration;
			buildSettings = {
				ASSETCATALOG_COMPILER_APPICON_NAME = AppIcon;
				CODE_SIGN_STYLE = Automatic;
				DEVELOPMENT_TEAM = DXJ7AC4744;
				INFOPLIST_FILE = EmoArt/Info.plist;
				LD_RUNPATH_SEARCH_PATHS = "$(inherited) @executable_path/Frameworks";
				PRODUCT_BUNDLE_IDENTIFIER = lun.EmoArt;
				PRODUCT_NAME = "$(TARGET_NAME)";
				SWIFT_VERSION = 4.0;
				TARGETED_DEVICE_FAMILY = "1,2";
			};
			name = Release;
		};
		BD94E156203950420058C11D /* Debug */ = {
			isa = XCBuildConfiguration;
			buildSettings = {
				ALWAYS_EMBED_SWIFT_STANDARD_LIBRARIES = YES;
				BUNDLE_LOADER = "$(TEST_HOST)";
				CODE_SIGN_STYLE = Automatic;
				DEVELOPMENT_TEAM = DXJ7AC4744;
				INFOPLIST_FILE = EmoArtTests/Info.plist;
				LD_RUNPATH_SEARCH_PATHS = "$(inherited) @executable_path/Frameworks @loader_path/Frameworks";
				PRODUCT_BUNDLE_IDENTIFIER = lun.EmoArtTests;
				PRODUCT_NAME = "$(TARGET_NAME)";
				SWIFT_VERSION = 4.0;
				TARGETED_DEVICE_FAMILY = "1,2";
				TEST_HOST = "$(BUILT_PRODUCTS_DIR)/EmoArt.app/EmoArt";
			};
			name = Debug;
		};
		BD94E157203950420058C11D /* Release */ = {
			isa = XCBuildConfiguration;
			buildSettings = {
				ALWAYS_EMBED_SWIFT_STANDARD_LIBRARIES = YES;
				BUNDLE_LOADER = "$(TEST_HOST)";
				CODE_SIGN_STYLE = Automatic;
				DEVELOPMENT_TEAM = DXJ7AC4744;
				INFOPLIST_FILE = EmoArtTests/Info.plist;
				LD_RUNPATH_SEARCH_PATHS = "$(inherited) @executable_path/Frameworks @loader_path/Frameworks";
				PRODUCT_BUNDLE_IDENTIFIER = lun.EmoArtTests;
				PRODUCT_NAME = "$(TARGET_NAME)";
				SWIFT_VERSION = 4.0;
				TARGETED_DEVICE_FAMILY = "1,2";
				TEST_HOST = "$(BUILT_PRODUCTS_DIR)/EmoArt.app/EmoArt";
			};
			name = Release;
		};
		BD94E159203950420058C11D /* Debug */ = {
			isa = XCBuildConfiguration;
			buildSettings = {
				ALWAYS_EMBED_SWIFT_STANDARD_LIBRARIES = YES;
				CODE_SIGN_STYLE = Automatic;
				DEVELOPMENT_TEAM = DXJ7AC4744;
				INFOPLIST_FILE = EmoArtUITests/Info.plist;
				LD_RUNPATH_SEARCH_PATHS = "$(inherited) @executable_path/Frameworks @loader_path/Frameworks";
				PRODUCT_BUNDLE_IDENTIFIER = lun.EmoArtUITests;
				PRODUCT_NAME = "$(TARGET_NAME)";
				SWIFT_VERSION = 4.0;
				TARGETED_DEVICE_FAMILY = "1,2";
				TEST_TARGET_NAME = EmoArt;
			};
			name = Debug;
		};
		BD94E15A203950420058C11D /* Release */ = {
			isa = XCBuildConfiguration;
			buildSettings = {
				ALWAYS_EMBED_SWIFT_STANDARD_LIBRARIES = YES;
				CODE_SIGN_STYLE = Automatic;
				DEVELOPMENT_TEAM = DXJ7AC4744;
				INFOPLIST_FILE = EmoArtUITests/Info.plist;
				LD_RUNPATH_SEARCH_PATHS = "$(inherited) @executable_path/Frameworks @loader_path/Frameworks";
				PRODUCT_BUNDLE_IDENTIFIER = lun.EmoArtUITests;
				PRODUCT_NAME = "$(TARGET_NAME)";
				SWIFT_VERSION = 4.0;
				TARGETED_DEVICE_FAMILY = "1,2";
				TEST_TARGET_NAME = EmoArt;
			};
			name = Release;
		};
/* End XCBuildConfiguration section */

/* Begin XCConfigurationList section */
		BD94E125203950420058C11D /* Build configuration list for PBXProject "EmoArt" */ = {
			isa = XCConfigurationList;
			buildConfigurations = (
				BD94E150203950420058C11D /* Debug */,
				BD94E151203950420058C11D /* Release */,
			);
			defaultConfigurationIsVisible = 0;
			defaultConfigurationName = Release;
		};
		BD94E152203950420058C11D /* Build configuration list for PBXNativeTarget "EmoArt" */ = {
			isa = XCConfigurationList;
			buildConfigurations = (
				BD94E153203950420058C11D /* Debug */,
				BD94E154203950420058C11D /* Release */,
			);
			defaultConfigurationIsVisible = 0;
			defaultConfigurationName = Release;
		};
		BD94E155203950420058C11D /* Build configuration list for PBXNativeTarget "EmoArtTests" */ = {
			isa = XCConfigurationList;
			buildConfigurations = (
				BD94E156203950420058C11D /* Debug */,
				BD94E157203950420058C11D /* Release */,
			);
			defaultConfigurationIsVisible = 0;
			defaultConfigurationName = Release;
		};
		BD94E158203950420058C11D /* Build configuration list for PBXNativeTarget "EmoArtUITests" */ = {
			isa = XCConfigurationList;
			buildConfigurations = (
				BD94E159203950420058C11D /* Debug */,
				BD94E15A203950420058C11D /* Release */,
			);
			defaultConfigurationIsVisible = 0;
			defaultConfigurationName = Release;
		};
/* End XCConfigurationList section */
	};
	rootObject = BD94E122203950420058C11D /* Project object */;
}
